{
  "nodes": {
    "hardware": {
      "locked": {
        "lastModified": 1598811325,
        "narHash": "sha256-NwZ/07R7BXejliKYpIY5N9fWwKlSi06VZfFcwevP0+U=",
        "owner": "NixOS",
        "repo": "nixos-hardware",
        "rev": "f2b06f530e0df77a32dcc2a154e59193c0e96fc3",
        "type": "github"
      },
      "original": {
        "owner": "NixOS",
        "repo": "nixos-hardware",
        "type": "github"
      }
    },
    "home": {
      "inputs": {
        "nixpkgs": [
          "nixpkgs"
        ]
      },
      "locked": {
        "lastModified": 1591751635,
        "narHash": "sha256-KgGtyFlkI/fsp+j8VEgJ/ynY9B91aX35Xp04HlDLRTo=",
        "owner": "rycee",
        "repo": "home-manager",
        "rev": "b3fee796fcd5531693d9b84ece76ad6836bb1cfa",
        "type": "github"
      },
      "original": {
        "owner": "rycee",
        "ref": "bqv-flakes",
        "repo": "home-manager",
        "type": "github"
      }
    },
    "nixpkgs": {
      "locked": {
        "lastModified": 1592784995,
        "narHash": "sha256-mj7GnZrzqwiaPf1WQ9HqOJ7eT+NHB1tDNN0mFTlgXzg=",
        "owner": "NixOS",
        "repo": "nixpkgs",
        "rev": "13c15f26d44cf7f54197891a6f0c78ce8149b037",
        "type": "github"
      },
      "original": {
        "owner": "NixOS",
        "ref": "nixos-20.03",
        "repo": "nixpkgs",
        "type": "github"
      }
    },
    "root": {
      "inputs": {
        "hardware": "hardware",
        "home": "home",
        "nixpkgs": "nixpkgs",
        "unstable": "unstable"
      }
    },
    "unstable": {
      "locked": {
        "lastModified": 1597943282,
        "narHash": "sha256-G/VQBlqO7YeFOSvn29RqdvABZxmQBtiRYVA6kjqWZ6o=",
        "owner": "nixos",
        "repo": "nixpkgs",
        "rev": "c59ea8b8a0e7f927e7291c14ea6cd1bd3a16ff38",
        "type": "github"
      },
      "original": {
        "owner": "nixos",
        "ref": "nixos-unstable",
        "repo": "nixpkgs",
        "type": "github"
      }
    }
  },
  "root": "root",
  "version": 7
}
